<?xml version="1.0" encoding="utf-8"?>
<Project ToolsVersion="4.0" xmlns="http://schemas.microsoft.com/developer/msbuild/2003">
  <ItemGroup>
    <Filter Include="리소스 파일">
      <UniqueIdentifier>{67DA6AB6-F800-4c08-8B7A-83BB121AAD01}</UniqueIdentifier>
      <Extensions>rc;ico;cur;bmp;dlg;rc2;rct;bin;rgs;gif;jpg;jpeg;jpe;resx;tiff;tif;png;wav;mfcribbon-ms</Extensions>
    </Filter>
    <Filter Include="02. Engine">
      <UniqueIdentifier>{8c6e0b99-fe52-45b3-978c-f6d9dfe84d6c}</UniqueIdentifier>
    </Filter>
    <Filter Include="01. Header">
      <UniqueIdentifier>{edaaade5-ecc6-4894-a3c2-8a8cf6935d81}</UniqueIdentifier>
    </Filter>
    <Filter Include="Default">
      <UniqueIdentifier>{43933fea-248f-4dfe-82bf-21de860768e9}</UniqueIdentifier>
    </Filter>
    <Filter Include="03. Device">
      <UniqueIdentifier>{7312f6a4-53b1-47df-828b-b7d5f16106e8}</UniqueIdentifier>
    </Filter>
    <Filter Include="Module">
      <UniqueIdentifier>{7797add6-3ac8-443b-95a2-d8cb95ac229a}</UniqueIdentifier>
    </Filter>
    <Filter Include="HLSL">
      <UniqueIdentifier>{104b86ec-d36f-4619-9744-515dd9fe136c}</UniqueIdentifier>
    </Filter>
    <Filter Include="HLSL\2D">
      <UniqueIdentifier>{bc1ad7d2-c353-4d95-a9b1-11513453d0c4}</UniqueIdentifier>
    </Filter>
  </ItemGroup>
  <ItemGroup>
    <ClInclude Include="pch.h">
      <Filter>Default</Filter>
    </ClInclude>
    <ClInclude Include="framework.h">
      <Filter>Default</Filter>
    </ClInclude>
    <ClInclude Include="CEngine.h">
      <Filter>02. Engine</Filter>
    </ClInclude>
    <ClInclude Include="global.h">
      <Filter>01. Header</Filter>
    </ClInclude>
    <ClInclude Include="CDevice.h">
      <Filter>03. Device</Filter>
    </ClInclude>
    <ClInclude Include="Temp.h" />
    <ClInclude Include="struct.h">
      <Filter>01. Header</Filter>
    </ClInclude>
    <ClInclude Include="SimpleMath.h">
      <Filter>Module</Filter>
    </ClInclude>
    <ClInclude Include="define.h">
      <Filter>01. Header</Filter>
    </ClInclude>
  </ItemGroup>
  <ItemGroup>
    <ClCompile Include="Engine.cpp">
      <Filter>Default</Filter>
    </ClCompile>
    <ClCompile Include="pch.cpp">
      <Filter>Default</Filter>
    </ClCompile>
    <ClCompile Include="CEngine.cpp">
      <Filter>02. Engine</Filter>
    </ClCompile>
    <ClCompile Include="CDevice.cpp">
      <Filter>03. Device</Filter>
    </ClCompile>
    <ClCompile Include="Temp.cpp" />
  </ItemGroup>
  <ItemGroup>
    <None Include="SimpleMath.inl">
      <Filter>Module</Filter>
    </None>
  </ItemGroup>
  <ItemGroup>
    <FxCompile Include="std2d.fx">
      <Filter>HLSL\2D</Filter>
    </FxCompile>
  </ItemGroup>
</Project>