<?xml version="1.0" encoding="utf-8"?>
<Project ToolsVersion="4.0" xmlns="http://schemas.microsoft.com/developer/msbuild/2003">
  <ItemGroup>
    <Filter Include="리소스 파일">
      <UniqueIdentifier>{67DA6AB6-F800-4c08-8B7A-83BB121AAD01}</UniqueIdentifier>
      <Extensions>rc;ico;cur;bmp;dlg;rc2;rct;bin;rgs;gif;jpg;jpeg;jpe;resx;tiff;tif;png;wav;mfcribbon-ms</Extensions>
    </Filter>
    <Filter Include="02. Engine">
      <UniqueIdentifier>{8c6e0b99-fe52-45b3-978c-f6d9dfe84d6c}</UniqueIdentifier>
    </Filter>
    <Filter Include="01. Header">
      <UniqueIdentifier>{edaaade5-ecc6-4894-a3c2-8a8cf6935d81}</UniqueIdentifier>
    </Filter>
    <Filter Include="Default">
      <UniqueIdentifier>{43933fea-248f-4dfe-82bf-21de860768e9}</UniqueIdentifier>
    </Filter>
    <Filter Include="03. Device">
      <UniqueIdentifier>{7312f6a4-53b1-47df-828b-b7d5f16106e8}</UniqueIdentifier>
    </Filter>
    <Filter Include="Module">
      <UniqueIdentifier>{7797add6-3ac8-443b-95a2-d8cb95ac229a}</UniqueIdentifier>
    </Filter>
    <Filter Include="HLSL">
      <UniqueIdentifier>{104b86ec-d36f-4619-9744-515dd9fe136c}</UniqueIdentifier>
    </Filter>
    <Filter Include="HLSL\2D">
      <UniqueIdentifier>{bc1ad7d2-c353-4d95-a9b1-11513453d0c4}</UniqueIdentifier>
    </Filter>
    <Filter Include="04. Manager">
      <UniqueIdentifier>{5c6f032a-4400-4af6-87a8-76716912845a}</UniqueIdentifier>
    </Filter>
    <Filter Include="04. Manager\01. TimeMgr">
      <UniqueIdentifier>{1b03c518-c19c-4195-b40f-474fe43dde78}</UniqueIdentifier>
    </Filter>
    <Filter Include="04. Manager\02. PathMgr">
      <UniqueIdentifier>{effc90d4-67c7-44be-b4c0-65969500010d}</UniqueIdentifier>
    </Filter>
    <Filter Include="04. Manager\03. KeyMgr">
      <UniqueIdentifier>{124613be-6c9b-46ca-bfa8-3c020b402802}</UniqueIdentifier>
    </Filter>
    <Filter Include="05. GameObject">
      <UniqueIdentifier>{8aba7e85-2653-43b0-ab90-58146d03f9f2}</UniqueIdentifier>
    </Filter>
    <Filter Include="06. Component">
      <UniqueIdentifier>{9d9944e9-1ad2-4293-b61c-859de2169f84}</UniqueIdentifier>
    </Filter>
    <Filter Include="07. Asset">
      <UniqueIdentifier>{4cd1ce54-b318-4b53-8163-08a683258ab4}</UniqueIdentifier>
    </Filter>
    <Filter Include="07. Asset\Mesh">
      <UniqueIdentifier>{f503a8a1-af4e-4b0c-9f1c-4462b6538f31}</UniqueIdentifier>
    </Filter>
    <Filter Include="07. Asset\Texture">
      <UniqueIdentifier>{0eccd980-7f9f-4680-91f4-8514f8dec0b9}</UniqueIdentifier>
    </Filter>
    <Filter Include="07. Asset\Sound">
      <UniqueIdentifier>{d7cd7563-3ffb-43ed-8c08-eb6c4f9dfa64}</UniqueIdentifier>
    </Filter>
    <Filter Include="07. Asset\Material">
      <UniqueIdentifier>{c6730e73-2728-4832-9e02-06b65f5ac403}</UniqueIdentifier>
    </Filter>
    <Filter Include="07. Asset\MeshData">
      <UniqueIdentifier>{eeece38f-4d4a-4287-a809-3fcc992a01a9}</UniqueIdentifier>
    </Filter>
    <Filter Include="07. Asset\Prefab">
      <UniqueIdentifier>{6c5aa04c-a33c-4619-a0f7-65b5e3d291e9}</UniqueIdentifier>
    </Filter>
    <Filter Include="07. Asset\Shader">
      <UniqueIdentifier>{d81574f8-71f1-4d28-be81-687a060f000c}</UniqueIdentifier>
    </Filter>
    <Filter Include="03. Device\ConstantBuffer">
      <UniqueIdentifier>{300d615e-4783-489b-bf73-ab58978e0840}</UniqueIdentifier>
    </Filter>
    <Filter Include="07. Asset\Shader\GraphicShader">
      <UniqueIdentifier>{c5cc4db6-5157-4334-a9fb-8391533a2e93}</UniqueIdentifier>
    </Filter>
    <Filter Include="07. Asset\Shader\ComputeShader">
      <UniqueIdentifier>{5b21bd27-fb8c-48d0-94fb-63587b45d894}</UniqueIdentifier>
    </Filter>
    <Filter Include="04. Manager\04. AssetMgr">
      <UniqueIdentifier>{c7a8ccb0-215c-42ea-9c25-5ead7381bab5}</UniqueIdentifier>
    </Filter>
  </ItemGroup>
  <ItemGroup>
    <ClInclude Include="pch.h">
      <Filter>Default</Filter>
    </ClInclude>
    <ClInclude Include="framework.h">
      <Filter>Default</Filter>
    </ClInclude>
    <ClInclude Include="CEngine.h">
      <Filter>02. Engine</Filter>
    </ClInclude>
    <ClInclude Include="global.h">
      <Filter>01. Header</Filter>
    </ClInclude>
    <ClInclude Include="CDevice.h">
      <Filter>03. Device</Filter>
    </ClInclude>
    <ClInclude Include="Temp.h" />
    <ClInclude Include="struct.h">
      <Filter>01. Header</Filter>
    </ClInclude>
    <ClInclude Include="SimpleMath.h">
      <Filter>Module</Filter>
    </ClInclude>
    <ClInclude Include="define.h">
      <Filter>01. Header</Filter>
    </ClInclude>
    <ClInclude Include="singleton.h">
      <Filter>Module</Filter>
    </ClInclude>
    <ClInclude Include="CTimeMgr.h">
      <Filter>04. Manager\01. TimeMgr</Filter>
    </ClInclude>
    <ClInclude Include="CPathMgr.h">
      <Filter>04. Manager\02. PathMgr</Filter>
    </ClInclude>
    <ClInclude Include="CKeyMgr.h">
      <Filter>04. Manager\03. KeyMgr</Filter>
    </ClInclude>
    <ClInclude Include="CEntity.h">
      <Filter>Module</Filter>
    </ClInclude>
    <ClInclude Include="CAsset.h">
      <Filter>07. Asset</Filter>
    </ClInclude>
    <ClInclude Include="CGameObject.h">
      <Filter>05. GameObject</Filter>
    </ClInclude>
    <ClInclude Include="CComopnent.h">
      <Filter>06. Component</Filter>
    </ClInclude>
    <ClInclude Include="CMesh.h">
      <Filter>07. Asset\Mesh</Filter>
    </ClInclude>
    <ClInclude Include="enum.h">
      <Filter>01. Header</Filter>
    </ClInclude>
    <ClInclude Include="CConstBuffer.h">
      <Filter>03. Device\ConstantBuffer</Filter>
    </ClInclude>
    <ClInclude Include="func.h">
      <Filter>01. Header</Filter>
    </ClInclude>
    <ClInclude Include="CShader.h">
      <Filter>07. Asset\Shader</Filter>
    </ClInclude>
    <ClInclude Include="CGraphicShader.h">
      <Filter>07. Asset\Shader\GraphicShader</Filter>
    </ClInclude>
    <ClInclude Include="CComputeShader.h">
      <Filter>07. Asset\Shader\ComputeShader</Filter>
    </ClInclude>
    <ClInclude Include="CAssetMgr.h">
      <Filter>04. Manager\04. AssetMgr</Filter>
    </ClInclude>
    <ClInclude Include="ptr.h">
      <Filter>07. Asset</Filter>
    </ClInclude>
  </ItemGroup>
  <ItemGroup>
    <ClCompile Include="Engine.cpp">
      <Filter>Default</Filter>
    </ClCompile>
    <ClCompile Include="pch.cpp">
      <Filter>Default</Filter>
    </ClCompile>
    <ClCompile Include="CEngine.cpp">
      <Filter>02. Engine</Filter>
    </ClCompile>
    <ClCompile Include="CDevice.cpp">
      <Filter>03. Device</Filter>
    </ClCompile>
    <ClCompile Include="Temp.cpp" />
    <ClCompile Include="CTimeMgr.cpp">
      <Filter>04. Manager\01. TimeMgr</Filter>
    </ClCompile>
    <ClCompile Include="CPathMgr.cpp">
      <Filter>04. Manager\02. PathMgr</Filter>
    </ClCompile>
    <ClCompile Include="CKeyMgr.cpp">
      <Filter>04. Manager\03. KeyMgr</Filter>
    </ClCompile>
    <ClCompile Include="CEntity.cpp">
      <Filter>Module</Filter>
    </ClCompile>
    <ClCompile Include="CAsset.cpp">
      <Filter>07. Asset</Filter>
    </ClCompile>
    <ClCompile Include="CGameObject.cpp">
      <Filter>05. GameObject</Filter>
    </ClCompile>
    <ClCompile Include="CComopnent.cpp">
      <Filter>06. Component</Filter>
    </ClCompile>
    <ClCompile Include="CMesh.cpp">
      <Filter>07. Asset\Mesh</Filter>
    </ClCompile>
    <ClCompile Include="CConstBuffer.cpp">
      <Filter>03. Device\ConstantBuffer</Filter>
    </ClCompile>
    <ClCompile Include="CShader.cpp">
      <Filter>07. Asset\Shader</Filter>
    </ClCompile>
    <ClCompile Include="CGraphicShader.cpp">
      <Filter>07. Asset\Shader\GraphicShader</Filter>
    </ClCompile>
    <ClCompile Include="CComputeShader.cpp">
      <Filter>07. Asset\Shader\ComputeShader</Filter>
    </ClCompile>
    <ClCompile Include="CAssetMgr.cpp">
      <Filter>04. Manager\04. AssetMgr</Filter>
    </ClCompile>
    <ClCompile Include="CAssetMgr_Init.cpp">
      <Filter>04. Manager\04. AssetMgr</Filter>
    </ClCompile>
  </ItemGroup>
  <ItemGroup>
    <None Include="SimpleMath.inl">
      <Filter>Module</Filter>
    </None>
  </ItemGroup>
  <ItemGroup>
    <FxCompile Include="std2d.fx">
      <Filter>HLSL\2D</Filter>
    </FxCompile>
  </ItemGroup>
</Project>